
Microsoft Visual Studio Solution File, Format Version 12.00
# Visual Studio Version 17
VisualStudioVersion = 17.9.34607.119
MinimumVisualStudioVersion = 10.0.40219.1
Project("{9A19103F-16F7-4668-BE54-9A1E7A4F7556}") = "Indotalent", "Indotalent.csproj", "{452C6D1A-326D-4828-8706-9DBFF6ABCE43}"
EndProject
Global
	GlobalSection(SolutionConfigurationPlatforms) = preSolution
		Debug|Any CPU = Debug|Any CPU
		Release|Any CPU = Release|Any CPU
	EndGlobalSection
	GlobalSection(ProjectConfigurationPlatforms) = postSolution
		{452C6D1A-326D-4828-8706-9DBFF6ABCE43}.Debug|Any CPU.ActiveCfg = Debug|Any CPU
		{452C6D1A-326D-4828-8706-9DBFF6ABCE43}.Debug|Any CPU.Build.0 = Debug|Any CPU
		{452C6D1A-326D-4828-8706-9DBFF6ABCE43}.Release|Any CPU.ActiveCfg = Release|Any CPU
		{452C6D1A-326D-4828-8706-9DBFF6ABCE43}.Release|Any CPU.Build.0 = Release|Any CPU
	EndGlobalSection
	GlobalSection(SolutionProperties) = preSolution
		HideSolutionNode = FALSE
	EndGlobalSection
	GlobalSection(ExtensibilityGlobals) = postSolution
		SolutionGuid = {5C32B8E8-F91C-4ECA-B876-5ED9EDD4E00E}
	EndGlobalSection
EndGlobal
